{
  "name": "SirYakStudios",
  "lockfileVersion": 2,
  "requires": true,
  "packages": {
    "": {
      "dependencies": {
        "@types/mojang-minecraft": "^0.1.1"
      }
    },
    "node_modules/@types/mojang-minecraft": {
      "version": "0.1.1",
      "resolved": "https://registry.npmjs.org/@types/mojang-minecraft/-/mojang-minecraft-0.1.1.tgz",
      "integrity": "sha512-ENxeyiXqF+hXFCKToG8fWQbfxO/qMc3Yag+1Vg666Y5HCC66Pt+vVUgnD6GdIqcCVZekbLucDEZfaFvDjHiLOw=="
    }
  },
  "dependencies": {
    "@types/mojang-minecraft": {
      "version": "0.1.1",
      "resolved": "https://registry.npmjs.org/@types/mojang-minecraft/-/mojang-minecraft-0.1.1.tgz",
      "integrity": "sha512-ENxeyiXqF+hXFCKToG8fWQbfxO/qMc3Yag+1Vg666Y5HCC66Pt+vVUgnD6GdIqcCVZekbLucDEZfaFvDjHiLOw=="
    }
  }
}
